// !$*UTF8*$!
{
	archiveVersion = 1;
	classes = {
	};
	objectVersion = 50;
	objects = {

/* Begin PBXBuildFile section */
		DED9BA0921127846006ECE2A /* AppDelegate.swift in Sources */ = {isa = PBXBuildFile; fileRef = DED9BA0821127846006ECE2A /* AppDelegate.swift */; };
		DED9BA0E21127846006ECE2A /* Main.storyboard in Resources */ = {isa = PBXBuildFile; fileRef = DED9BA0C21127846006ECE2A /* Main.storyboard */; };
		DED9BA1021127848006ECE2A /* Assets.xcassets in Resources */ = {isa = PBXBuildFile; fileRef = DED9BA0F21127848006ECE2A /* Assets.xcassets */; };
		DED9BA1321127848006ECE2A /* LaunchScreen.storyboard in Resources */ = {isa = PBXBuildFile; fileRef = DED9BA1121127848006ECE2A /* LaunchScreen.storyboard */; };
		DED9BA1E21127848006ECE2A /* WorldTrotterTests.swift in Sources */ = {isa = PBXBuildFile; fileRef = DED9BA1D21127848006ECE2A /* WorldTrotterTests.swift */; };
		DED9BA2921127848006ECE2A /* WorldTrotterUITests.swift in Sources */ = {isa = PBXBuildFile; fileRef = DED9BA2821127848006ECE2A /* WorldTrotterUITests.swift */; };
		DED9BA372118B6DE006ECE2A /* ConversionViewController.swift in Sources */ = {isa = PBXBuildFile; fileRef = DED9BA362118B6DE006ECE2A /* ConversionViewController.swift */; };
		DED9BA3A211AC6F7006ECE2A /* MapKit.framework in Frameworks */ = {isa = PBXBuildFile; fileRef = DED9BA39211AC6F7006ECE2A /* MapKit.framework */; };
		DED9BA3C211ACE3D006ECE2A /* MapViewController.swift in Sources */ = {isa = PBXBuildFile; fileRef = DED9BA3B211ACE3D006ECE2A /* MapViewController.swift */; };
/* End PBXBuildFile section */

/* Begin PBXContainerItemProxy section */
		DED9BA1A21127848006ECE2A /* PBXContainerItemProxy */ = {
			isa = PBXContainerItemProxy;
			containerPortal = DED9B9FD21127846006ECE2A /* Project object */;
			proxyType = 1;
			remoteGlobalIDString = DED9BA0421127846006ECE2A;
			remoteInfo = WorldTrotter;
		};
		DED9BA2521127848006ECE2A /* PBXContainerItemProxy */ = {
			isa = PBXContainerItemProxy;
			containerPortal = DED9B9FD21127846006ECE2A /* Project object */;
			proxyType = 1;
			remoteGlobalIDString = DED9BA0421127846006ECE2A;
			remoteInfo = WorldTrotter;
		};
/* End PBXContainerItemProxy section */

/* Begin PBXFileReference section */
		DE0B8795211F684A006B54BB /* en */ = {isa = PBXFileReference; lastKnownFileType = text.plist.strings; name = en; path = en.lproj/Main.strings; sourceTree = "<group>"; };
		DED9BA0521127846006ECE2A /* WorldTrotter.app */ = {isa = PBXFileReference; explicitFileType = wrapper.application; includeInIndex = 0; path = WorldTrotter.app; sourceTree = BUILT_PRODUCTS_DIR; };
		DED9BA0821127846006ECE2A /* AppDelegate.swift */ = {isa = PBXFileReference; lastKnownFileType = sourcecode.swift; path = AppDelegate.swift; sourceTree = "<group>"; };
		DED9BA0D21127846006ECE2A /* Base */ = {isa = PBXFileReference; lastKnownFileType = file.storyboard; name = Base; path = Base.lproj/Main.storyboard; sourceTree = "<group>"; };
		DED9BA0F21127848006ECE2A /* Assets.xcassets */ = {isa = PBXFileReference; lastKnownFileType = folder.assetcatalog; path = Assets.xcassets; sourceTree = "<group>"; };
		DED9BA1221127848006ECE2A /* Base */ = {isa = PBXFileReference; lastKnownFileType = file.storyboard; name = Base; path = Base.lproj/LaunchScreen.storyboard; sourceTree = "<group>"; };
		DED9BA1421127848006ECE2A /* Info.plist */ = {isa = PBXFileReference; lastKnownFileType = text.plist.xml; path = Info.plist; sourceTree = "<group>"; };
		DED9BA1921127848006ECE2A /* WorldTrotterTests.xctest */ = {isa = PBXFileReference; explicitFileType = wrapper.cfbundle; includeInIndex = 0; path = WorldTrotterTests.xctest; sourceTree = BUILT_PRODUCTS_DIR; };
		DED9BA1D21127848006ECE2A /* WorldTrotterTests.swift */ = {isa = PBXFileReference; lastKnownFileType = sourcecode.swift; path = WorldTrotterTests.swift; sourceTree = "<group>"; };
		DED9BA1F21127848006ECE2A /* Info.plist */ = {isa = PBXFileReference; lastKnownFileType = text.plist.xml; path = Info.plist; sourceTree = "<group>"; };
		DED9BA2421127848006ECE2A /* WorldTrotterUITests.xctest */ = {isa = PBXFileReference; explicitFileType = wrapper.cfbundle; includeInIndex = 0; path = WorldTrotterUITests.xctest; sourceTree = BUILT_PRODUCTS_DIR; };
		DED9BA2821127848006ECE2A /* WorldTrotterUITests.swift */ = {isa = PBXFileReference; lastKnownFileType = sourcecode.swift; path = WorldTrotterUITests.swift; sourceTree = "<group>"; };
		DED9BA2A21127848006ECE2A /* Info.plist */ = {isa = PBXFileReference; lastKnownFileType = text.plist.xml; path = Info.plist; sourceTree = "<group>"; };
		DED9BA362118B6DE006ECE2A /* ConversionViewController.swift */ = {isa = PBXFileReference; lastKnownFileType = sourcecode.swift; path = ConversionViewController.swift; sourceTree = "<group>"; };
		DED9BA39211AC6F7006ECE2A /* MapKit.framework */ = {isa = PBXFileReference; lastKnownFileType = wrapper.framework; name = MapKit.framework; path = System/Library/Frameworks/MapKit.framework; sourceTree = SDKROOT; };
		DED9BA3B211ACE3D006ECE2A /* MapViewController.swift */ = {isa = PBXFileReference; lastKnownFileType = sourcecode.swift; path = MapViewController.swift; sourceTree = "<group>"; };
/* End PBXFileReference section */

/* Begin PBXFrameworksBuildPhase section */
		DED9BA0221127846006ECE2A /* Frameworks */ = {
			isa = PBXFrameworksBuildPhase;
			buildActionMask = 2147483647;
			files = (
				DED9BA3A211AC6F7006ECE2A /* MapKit.framework in Frameworks */,
			);
			runOnlyForDeploymentPostprocessing = 0;
		};
		DED9BA1621127848006ECE2A /* Frameworks */ = {
			isa = PBXFrameworksBuildPhase;
			buildActionMask = 2147483647;
			files = (
			);
			runOnlyForDeploymentPostprocessing = 0;
		};
		DED9BA2121127848006ECE2A /* Frameworks */ = {
			isa = PBXFrameworksBuildPhase;
			buildActionMask = 2147483647;
			files = (
			);
			runOnlyForDeploymentPostprocessing = 0;
		};
/* End PBXFrameworksBuildPhase section */

/* Begin PBXGroup section */
		DED9B9FC21127846006ECE2A = {
			isa = PBXGroup;
			children = (
				DED9BA0721127846006ECE2A /* WorldTrotter */,
				DED9BA1C21127848006ECE2A /* WorldTrotterTests */,
				DED9BA2721127848006ECE2A /* WorldTrotterUITests */,
				DED9BA0621127846006ECE2A /* Products */,
				DED9BA38211AC6F7006ECE2A /* Frameworks */,
			);
			sourceTree = "<group>";
		};
		DED9BA0621127846006ECE2A /* Products */ = {
			isa = PBXGroup;
			children = (
				DED9BA0521127846006ECE2A /* WorldTrotter.app */,
				DED9BA1921127848006ECE2A /* WorldTrotterTests.xctest */,
				DED9BA2421127848006ECE2A /* WorldTrotterUITests.xctest */,
			);
			name = Products;
			sourceTree = "<group>";
		};
		DED9BA0721127846006ECE2A /* WorldTrotter */ = {
			isa = PBXGroup;
			children = (
				DED9BA362118B6DE006ECE2A /* ConversionViewController.swift */,
				DED9BA0821127846006ECE2A /* AppDelegate.swift */,
				DED9BA0C21127846006ECE2A /* Main.storyboard */,
				DED9BA3B211ACE3D006ECE2A /* MapViewController.swift */,
				DED9BA0F21127848006ECE2A /* Assets.xcassets */,
				DED9BA1121127848006ECE2A /* LaunchScreen.storyboard */,
				DED9BA1421127848006ECE2A /* Info.plist */,
			);
			path = WorldTrotter;
			sourceTree = "<group>";
		};
		DED9BA1C21127848006ECE2A /* WorldTrotterTests */ = {
			isa = PBXGroup;
			children = (
				DED9BA1D21127848006ECE2A /* WorldTrotterTests.swift */,
				DED9BA1F21127848006ECE2A /* Info.plist */,
			);
			path = WorldTrotterTests;
			sourceTree = "<group>";
		};
		DED9BA2721127848006ECE2A /* WorldTrotterUITests */ = {
			isa = PBXGroup;
			children = (
				DED9BA2821127848006ECE2A /* WorldTrotterUITests.swift */,
				DED9BA2A21127848006ECE2A /* Info.plist */,
			);
			path = WorldTrotterUITests;
			sourceTree = "<group>";
		};
		DED9BA38211AC6F7006ECE2A /* Frameworks */ = {
			isa = PBXGroup;
			children = (
				DED9BA39211AC6F7006ECE2A /* MapKit.framework */,
			);
			name = Frameworks;
			sourceTree = "<group>";
		};
/* End PBXGroup section */

/* Begin PBXNativeTarget section */
		DED9BA0421127846006ECE2A /* WorldTrotter */ = {
			isa = PBXNativeTarget;
			buildConfigurationList = DED9BA2D21127848006ECE2A /* Build configuration list for PBXNativeTarget "WorldTrotter" */;
			buildPhases = (
				DED9BA0121127846006ECE2A /* Sources */,
				DED9BA0221127846006ECE2A /* Frameworks */,
				DED9BA0321127846006ECE2A /* Resources */,
			);
			buildRules = (
			);
			dependencies = (
			);
			name = WorldTrotter;
			productName = WorldTrotter;
			productReference = DED9BA0521127846006ECE2A /* WorldTrotter.app */;
			productType = "com.apple.product-type.application";
		};
		DED9BA1821127848006ECE2A /* WorldTrotterTests */ = {
			isa = PBXNativeTarget;
			buildConfigurationList = DED9BA3021127848006ECE2A /* Build configuration list for PBXNativeTarget "WorldTrotterTests" */;
			buildPhases = (
				DED9BA1521127848006ECE2A /* Sources */,
				DED9BA1621127848006ECE2A /* Frameworks */,
				DED9BA1721127848006ECE2A /* Resources */,
			);
			buildRules = (
			);
			dependencies = (
				DED9BA1B21127848006ECE2A /* PBXTargetDependency */,
			);
			name = WorldTrotterTests;
			productName = WorldTrotterTests;
			productReference = DED9BA1921127848006ECE2A /* WorldTrotterTests.xctest */;
			productType = "com.apple.product-type.bundle.unit-test";
		};
		DED9BA2321127848006ECE2A /* WorldTrotterUITests */ = {
			isa = PBXNativeTarget;
			buildConfigurationList = DED9BA3321127848006ECE2A /* Build configuration list for PBXNativeTarget "WorldTrotterUITests" */;
			buildPhases = (
				DED9BA2021127848006ECE2A /* Sources */,
				DED9BA2121127848006ECE2A /* Frameworks */,
				DED9BA2221127848006ECE2A /* Resources */,
			);
			buildRules = (
			);
			dependencies = (
				DED9BA2621127848006ECE2A /* PBXTargetDependency */,
			);
			name = WorldTrotterUITests;
			productName = WorldTrotterUITests;
			productReference = DED9BA2421127848006ECE2A /* WorldTrotterUITests.xctest */;
			productType = "com.apple.product-type.bundle.ui-testing";
		};
/* End PBXNativeTarget section */

/* Begin PBXProject section */
		DED9B9FD21127846006ECE2A /* Project object */ = {
			isa = PBXProject;
			attributes = {
				LastSwiftUpdateCheck = 0940;
				LastUpgradeCheck = 0940;
				ORGANIZATIONNAME = "Westley Armstrong";
				TargetAttributes = {
					DED9BA0421127846006ECE2A = {
						CreatedOnToolsVersion = 9.4.1;
					};
					DED9BA1821127848006ECE2A = {
						CreatedOnToolsVersion = 9.4.1;
						TestTargetID = DED9BA0421127846006ECE2A;
					};
					DED9BA2321127848006ECE2A = {
						CreatedOnToolsVersion = 9.4.1;
						TestTargetID = DED9BA0421127846006ECE2A;
					};
				};
			};
			buildConfigurationList = DED9BA0021127846006ECE2A /* Build configuration list for PBXProject "WorldTrotter" */;
			compatibilityVersion = "Xcode 9.3";
			developmentRegion = en;
			hasScannedForEncodings = 0;
			knownRegions = (
				en,
				Base,
			);
			mainGroup = DED9B9FC21127846006ECE2A;
			productRefGroup = DED9BA0621127846006ECE2A /* Products */;
			projectDirPath = "";
			projectRoot = "";
			targets = (
				DED9BA0421127846006ECE2A /* WorldTrotter */,
				DED9BA1821127848006ECE2A /* WorldTrotterTests */,
				DED9BA2321127848006ECE2A /* WorldTrotterUITests */,
			);
		};
/* End PBXProject section */

/* Begin PBXResourcesBuildPhase section */
		DED9BA0321127846006ECE2A /* Resources */ = {
			isa = PBXResourcesBuildPhase;
			buildActionMask = 2147483647;
			files = (
				DED9BA1321127848006ECE2A /* LaunchScreen.storyboard in Resources */,
				DED9BA1021127848006ECE2A /* Assets.xcassets in Resources */,
				DED9BA0E21127846006ECE2A /* Main.storyboard in Resources */,
			);
			runOnlyForDeploymentPostprocessing = 0;
		};
		DED9BA1721127848006ECE2A /* Resources */ = {
			isa = PBXResourcesBuildPhase;
			buildActionMask = 2147483647;
			files = (
			);
			runOnlyForDeploymentPostprocessing = 0;
		};
		DED9BA2221127848006ECE2A /* Resources */ = {
			isa = PBXResourcesBuildPhase;
			buildActionMask = 2147483647;
			files = (
			);
			runOnlyForDeploymentPostprocessing = 0;
		};
/* End PBXResourcesBuildPhase section */

/* Begin PBXSourcesBuildPhase section */
		DED9BA0121127846006ECE2A /* Sources */ = {
			isa = PBXSourcesBuildPhase;
			buildActionMask = 2147483647;
			files = (
				DED9BA372118B6DE006ECE2A /* ConversionViewController.swift in Sources */,
				DED9BA3C211ACE3D006ECE2A /* MapViewController.swift in Sources */,
				DED9BA0921127846006ECE2A /* AppDelegate.swift in Sources */,
			);
			runOnlyForDeploymentPostprocessing = 0;
		};
		DED9BA1521127848006ECE2A /* Sources */ = {
			isa = PBXSourcesBuildPhase;
			buildActionMask = 2147483647;
			files = (
				DED9BA1E21127848006ECE2A /* WorldTrotterTests.swift in Sources */,
			);
			runOnlyForDeploymentPostprocessing = 0;
		};
		DED9BA2021127848006ECE2A /* Sources */ = {
			isa = PBXSourcesBuildPhase;
			buildActionMask = 2147483647;
			files = (
				DED9BA2921127848006ECE2A /* WorldTrotterUITests.swift in Sources */,
			);
			runOnlyForDeploymentPostprocessing = 0;
		};
/* End PBXSourcesBuildPhase section */

/* Begin PBXTargetDependency section */
		DED9BA1B21127848006ECE2A /* PBXTargetDependency */ = {
			isa = PBXTargetDependency;
			target = DED9BA0421127846006ECE2A /* WorldTrotter */;
			targetProxy = DED9BA1A21127848006ECE2A /* PBXContainerItemProxy */;
		};
		DED9BA2621127848006ECE2A /* PBXTargetDependency */ = {
			isa = PBXTargetDependency;
			target = DED9BA0421127846006ECE2A /* WorldTrotter */;
			targetProxy = DED9BA2521127848006ECE2A /* PBXContainerItemProxy */;
		};
/* End PBXTargetDependency section */

/* Begin PBXVariantGroup section */
		DED9BA0C21127846006ECE2A /* Main.storyboard */ = {
			isa = PBXVariantGroup;
			children = (
				DED9BA0D21127846006ECE2A /* Base */,
				DE0B8795211F684A006B54BB /* en */,
			);
			name = Main.storyboard;
			sourceTree = "<group>";
		};
		DED9BA1121127848006ECE2A /* LaunchScreen.storyboard */ = {
			isa = PBXVariantGroup;
			children = (
				DED9BA1221127848006ECE2A /* Base */,
			);
			name = LaunchScreen.storyboard;
			sourceTree = "<group>";
		};
/* End PBXVariantGroup section */

/* Begin XCBuildConfiguration section */
		DED9BA2B21127848006ECE2A /* Debug */ = {
			isa = XCBuildConfiguration;
			buildSettings = {
				ALWAYS_SEARCH_USER_PATHS = NO;
				CLANG_ANALYZER_NONNULL = YES;
				CLANG_ANALYZER_NUMBER_OBJECT_CONVERSION = YES_AGGRESSIVE;
				CLANG_CXX_LANGUAGE_STANDARD = "gnu++14";
				CLANG_CXX_LIBRARY = "libc++";
				CLANG_ENABLE_MODULES = YES;
				CLANG_ENABLE_OBJC_ARC = YES;
				CLANG_ENABLE_OBJC_WEAK = YES;
				CLANG_WARN_BLOCK_CAPTURE_AUTORELEASING = YES;
				CLANG_WARN_BOOL_CONVERSION = YES;
				CLANG_WARN_COMMA = YES;
				CLANG_WARN_CONSTANT_CONVERSION = YES;
				CLANG_WARN_DEPRECATED_OBJC_IMPLEMENTATIONS = YES;
				CLANG_WARN_DIRECT_OBJC_ISA_USAGE = YES_ERROR;
				CLANG_WARN_DOCUMENTATION_COMMENTS = YES;
				CLANG_WARN_EMPTY_BODY = YES;
				CLANG_WARN_ENUM_CONVERSION = YES;
				CLANG_WARN_INFINITE_RECURSION = YES;
				CLANG_WARN_INT_CONVERSION = YES;
				CLANG_WARN_NON_LITERAL_NULL_CONVERSION = YES;
				CLANG_WARN_OBJC_IMPLICIT_RETAIN_SELF = YES;
				CLANG_WARN_OBJC_LITERAL_CONVERSION = YES;
				CLANG_WARN_OBJC_ROOT_CLASS = YES_ERROR;
				CLANG_WARN_RANGE_LOOP_ANALYSIS = YES;
				CLANG_WARN_STRICT_PROTOTYPES = YES;
				CLANG_WARN_SUSPICIOUS_MOVE = YES;
				CLANG_WARN_UNGUARDED_AVAILABILITY = YES_AGGRESSIVE;
				CLANG_WARN_UNREACHABLE_CODE = YES;
				CLANG_WARN__DUPLICATE_METHOD_MATCH = YES;
				CODE_SIGN_IDENTITY = "iPhone Developer";
				COPY_PHASE_STRIP = NO;
				DEBUG_INFORMATION_FORMAT = dwarf;
				ENABLE_STRICT_OBJC_MSGSEND = YES;
				ENABLE_TESTABILITY = YES;
				GCC_C_LANGUAGE_STANDARD = gnu11;
				GCC_DYNAMIC_NO_PIC = NO;
				GCC_NO_COMMON_BLOCKS = YES;
				GCC_OPTIMIZATION_LEVEL = 0;
				GCC_PREPROCESSOR_DEFINITIONS = (
					"DEBUG=1",
					"$(inherited)",
				);
				GCC_WARN_64_TO_32_BIT_CONVERSION = YES;
				GCC_WARN_ABOUT_RETURN_TYPE = YES_ERROR;
				GCC_WARN_UNDECLARED_SELECTOR = YES;
				GCC_WARN_UNINITIALIZED_AUTOS = YES_AGGRESSIVE;
				GCC_WARN_UNUSED_FUNCTION = YES;
				GCC_WARN_UNUSED_VARIABLE = YES;
				IPHONEOS_DEPLOYMENT_TARGET = 11.4;
				MTL_ENABLE_DEBUG_INFO = YES;
				ONLY_ACTIVE_ARCH = YES;
				SDKROOT = iphoneos;
				SWIFT_ACTIVE_COMPILATION_CONDITIONS = DEBUG;
				SWIFT_OPTIMIZATION_LEVEL = "-Onone";
			};
			name = Debug;
		};
		DED9BA2C21127848006ECE2A /* Release */ = {
			isa = XCBuildConfiguration;
			buildSettings = {
				ALWAYS_SEARCH_USER_PATHS = NO;
				CLANG_ANALYZER_NONNULL = YES;
				CLANG_ANALYZER_NUMBER_OBJECT_CONVERSION = YES_AGGRESSIVE;
				CLANG_CXX_LANGUAGE_STANDARD = "gnu++14";
				CLANG_CXX_LIBRARY = "libc++";
				CLANG_ENABLE_MODULES = YES;
				CLANG_ENABLE_OBJC_ARC = YES;
				CLANG_ENABLE_OBJC_WEAK = YES;
				CLANG_WARN_BLOCK_CAPTURE_AUTORELEASING = YES;
				CLANG_WARN_BOOL_CONVERSION = YES;
				CLANG_WARN_COMMA = YES;
				CLANG_WARN_CONSTANT_CONVERSION = YES;
				CLANG_WARN_DEPRECATED_OBJC_IMPLEMENTATIONS = YES;
				CLANG_WARN_DIRECT_OBJC_ISA_USAGE = YES_ERROR;
				CLANG_WARN_DOCUMENTATION_COMMENTS = YES;
				CLANG_WARN_EMPTY_BODY = YES;
				CLANG_WARN_ENUM_CONVERSION = YES;
				CLANG_WARN_INFINITE_RECURSION = YES;
				CLANG_WARN_INT_CONVERSION = YES;
				CLANG_WARN_NON_LITERAL_NULL_CONVERSION = YES;
				CLANG_WARN_OBJC_IMPLICIT_RETAIN_SELF = YES;
				CLANG_WARN_OBJC_LITERAL_CONVERSION = YES;
				CLANG_WARN_OBJC_ROOT_CLASS = YES_ERROR;
				CLANG_WARN_RANGE_LOOP_ANALYSIS = YES;
				CLANG_WARN_STRICT_PROTOTYPES = YES;
				CLANG_WARN_SUSPICIOUS_MOVE = YES;
				CLANG_WARN_UNGUARDED_AVAILABILITY = YES_AGGRESSIVE;
				CLANG_WARN_UNREACHABLE_CODE = YES;
				CLANG_WARN__DUPLICATE_METHOD_MATCH = YES;
				CODE_SIGN_IDENTITY = "iPhone Developer";
				COPY_PHASE_STRIP = NO;
				DEBUG_INFORMATION_FORMAT = "dwarf-with-dsym";
				ENABLE_NS_ASSERTIONS = NO;
				ENABLE_STRICT_OBJC_MSGSEND = YES;
				GCC_C_LANGUAGE_STANDARD = gnu11;
				GCC_NO_COMMON_BLOCKS = YES;
				GCC_WARN_64_TO_32_BIT_CONVERSION = YES;
				GCC_WARN_ABOUT_RETURN_TYPE = YES_ERROR;
				GCC_WARN_UNDECLARED_SELECTOR = YES;
				GCC_WARN_UNINITIALIZED_AUTOS = YES_AGGRESSIVE;
				GCC_WARN_UNUSED_FUNCTION = YES;
				GCC_WARN_UNUSED_VARIABLE = YES;
				IPHONEOS_DEPLOYMENT_TARGET = 11.4;
				MTL_ENABLE_DEBUG_INFO = NO;
				SDKROOT = iphoneos;
				SWIFT_COMPILATION_MODE = wholemodule;
				SWIFT_OPTIMIZATION_LEVEL = "-O";
				VALIDATE_PRODUCT = YES;
			};
			name = Release;
		};
		DED9BA2E21127848006ECE2A /* Debug */ = {
			isa = XCBuildConfiguration;
			buildSettings = {
				ASSETCATALOG_COMPILER_APPICON_NAME = AppIcon;
				CODE_SIGN_STYLE = Automatic;
				DEVELOPMENT_TEAM = S3VH29TJ7U;
				INFOPLIST_FILE = WorldTrotter/Info.plist;
				LD_RUNPATH_SEARCH_PATHS = (
					"$(inherited)",
					"@executable_path/Frameworks",
				);
				PRODUCT_BUNDLE_IDENTIFIER = QS.WorldTrotter;
				PRODUCT_NAME = "$(TARGET_NAME)";
				SWIFT_VERSION = 4.0;
				TARGETED_DEVICE_FAMILY = "1,2";
			};
			name = Debug;
		};
		DED9BA2F21127848006ECE2A /* Release */ = {
			isa = XCBuildConfiguration;
			buildSettings = {
				ASSETCATALOG_COMPILER_APPICON_NAME = AppIcon;
				CODE_SIGN_STYLE = Automatic;
				DEVELOPMENT_TEAM = S3VH29TJ7U;
				INFOPLIST_FILE = WorldTrotter/Info.plist;
				LD_RUNPATH_SEARCH_PATHS = (
					"$(inherited)",
					"@executable_path/Frameworks",
				);
				PRODUCT_BUNDLE_IDENTIFIER = QS.WorldTrotter;
				PRODUCT_NAME = "$(TARGET_NAME)";
				SWIFT_VERSION = 4.0;
				TARGETED_DEVICE_FAMILY = "1,2";
			};
			name = Release;
		};
		DED9BA3121127848006ECE2A /* Debug */ = {
			isa = XCBuildConfiguration;
			buildSettings = {
				ALWAYS_EMBED_SWIFT_STANDARD_LIBRARIES = YES;
				BUNDLE_LOADER = "$(TEST_HOST)";
				CODE_SIGN_STYLE = Automatic;
				INFOPLIST_FILE = WorldTrotterTests/Info.plist;
				LD_RUNPATH_SEARCH_PATHS = (
					"$(inherited)",
					"@executable_path/Frameworks",
					"@loader_path/Frameworks",
				);
				PRODUCT_BUNDLE_IDENTIFIER = QS.WorldTrotterTests;
				PRODUCT_NAME = "$(TARGET_NAME)";
				SWIFT_VERSION = 4.0;
				TARGETED_DEVICE_FAMILY = "1,2";
				TEST_HOST = "$(BUILT_PRODUCTS_DIR)/WorldTrotter.app/WorldTrotter";
			};
			name = Debug;
		};
		DED9BA3221127848006ECE2A /* Release */ = {
			isa = XCBuildConfiguration;
			buildSettings = {
				ALWAYS_EMBED_SWIFT_STANDARD_LIBRARIES = YES;
				BUNDLE_LOADER = "$(TEST_HOST)";
				CODE_SIGN_STYLE = Automatic;
				INFOPLIST_FILE = WorldTrotterTests/Info.plist;
				LD_RUNPATH_SEARCH_PATHS = (
					"$(inherited)",
					"@executable_path/Frameworks",
					"@loader_path/Frameworks",
				);
				PRODUCT_BUNDLE_IDENTIFIER = QS.WorldTrotterTests;
				PRODUCT_NAME = "$(TARGET_NAME)";
				SWIFT_VERSION = 4.0;
				TARGETED_DEVICE_FAMILY = "1,2";
				TEST_HOST = "$(BUILT_PRODUCTS_DIR)/WorldTrotter.app/WorldTrotter";
			};
			name = Release;
		};
		DED9BA3421127848006ECE2A /* Debug */ = {
			isa = XCBuildConfiguration;
			buildSettings = {
				ALWAYS_EMBED_SWIFT_STANDARD_LIBRARIES = YES;
				CODE_SIGN_STYLE = Automatic;
				INFOPLIST_FILE = WorldTrotterUITests/Info.plist;
				LD_RUNPATH_SEARCH_PATHS = (
					"$(inherited)",
					"@executable_path/Frameworks",
					"@loader_path/Frameworks",
				);
				PRODUCT_BUNDLE_IDENTIFIER = QS.WorldTrotterUITests;
				PRODUCT_NAME = "$(TARGET_NAME)";
				SWIFT_VERSION = 4.0;
				TARGETED_DEVICE_FAMILY = "1,2";
				TEST_TARGET_NAME = WorldTrotter;
			};
			name = Debug;
		};
		DED9BA3521127848006ECE2A /* Release */ = {
			isa = XCBuildConfiguration;
			buildSettings = {
				ALWAYS_EMBED_SWIFT_STANDARD_LIBRARIES = YES;
				CODE_SIGN_STYLE = Automatic;
				INFOPLIST_FILE = WorldTrotterUITests/Info.plist;
				LD_RUNPATH_SEARCH_PATHS = (
					"$(inherited)",
					"@executable_path/Frameworks",
					"@loader_path/Frameworks",
				);
				PRODUCT_BUNDLE_IDENTIFIER = QS.WorldTrotterUITests;
				PRODUCT_NAME = "$(TARGET_NAME)";
				SWIFT_VERSION = 4.0;
				TARGETED_DEVICE_FAMILY = "1,2";
				TEST_TARGET_NAME = WorldTrotter;
			};
			name = Release;
		};
/* End XCBuildConfiguration section */

/* Begin XCConfigurationList section */
		DED9BA0021127846006ECE2A /* Build configuration list for PBXProject "WorldTrotter" */ = {
			isa = XCConfigurationList;
			buildConfigurations = (
				DED9BA2B21127848006ECE2A /* Debug */,
				DED9BA2C21127848006ECE2A /* Release */,
			);
			defaultConfigurationIsVisible = 0;
			defaultConfigurationName = Release;
		};
		DED9BA2D21127848006ECE2A /* Build configuration list for PBXNativeTarget "WorldTrotter" */ = {
			isa = XCConfigurationList;
			buildConfigurations = (
				DED9BA2E21127848006ECE2A /* Debug */,
				DED9BA2F21127848006ECE2A /* Release */,
			);
			defaultConfigurationIsVisible = 0;
			defaultConfigurationName = Release;
		};
		DED9BA3021127848006ECE2A /* Build configuration list for PBXNativeTarget "WorldTrotterTests" */ = {
			isa = XCConfigurationList;
			buildConfigurations = (
				DED9BA3121127848006ECE2A /* Debug */,
				DED9BA3221127848006ECE2A /* Release */,
			);
			defaultConfigurationIsVisible = 0;
			defaultConfigurationName = Release;
		};
		DED9BA3321127848006ECE2A /* Build configuration list for PBXNativeTarget "WorldTrotterUITests" */ = {
			isa = XCConfigurationList;
			buildConfigurations = (
				DED9BA3421127848006ECE2A /* Debug */,
				DED9BA3521127848006ECE2A /* Release */,
			);
			defaultConfigurationIsVisible = 0;
			defaultConfigurationName = Release;
		};
/* End XCConfigurationList section */
	};
	rootObject = DED9B9FD21127846006ECE2A /* Project object */;
}
